
Microsoft Visual Studio Solution File, Format Version 12.00
# Visual Studio Version 16
VisualStudioVersion = 16.0.31424.327
MinimumVisualStudioVersion = 10.0.40219.1
Project("{FAE04EC0-301F-11D3-BF4B-00C04F79EFBC}") = "GitHubApp", "GitHubApp\GitHubApp.csproj", "{9FA5AD23-B191-4D79-A680-D97AF84BD536}"
EndProject
Global
	GlobalSection(SolutionConfigurationPlatforms) = preSolution
		Debug|Any CPU = Debug|Any CPU
		Release|Any CPU = Release|Any CPU
	EndGlobalSection
	GlobalSection(ProjectConfigurationPlatforms) = postSolution
		{9FA5AD23-B191-4D79-A680-D97AF84BD536}.Debug|Any CPU.ActiveCfg = Debug|Any CPU
		{9FA5AD23-B191-4D79-A680-D97AF84BD536}.Debug|Any CPU.Build.0 = Debug|Any CPU
		{9FA5AD23-B191-4D79-A680-D97AF84BD536}.Release|Any CPU.ActiveCfg = Release|Any CPU
		{9FA5AD23-B191-4D79-A680-D97AF84BD536}.Release|Any CPU.Build.0 = Release|Any CPU
	EndGlobalSection
	GlobalSection(SolutionProperties) = preSolution
		HideSolutionNode = FALSE
	EndGlobalSection
	GlobalSection(ExtensibilityGlobals) = postSolution
		SolutionGuid = {0E3CFF74-A798-42CB-9CD9-771871891EC5}
	EndGlobalSection
EndGlobal
